
Microsoft Visual Studio Solution File, Format Version 12.00
# Visual Studio Version 17
VisualStudioVersion = 17.8.34330.188
MinimumVisualStudioVersion = 10.0.40219.1
Project("{FAE04EC0-301F-11D3-BF4B-00C04F79EFBC}") = "SonicScheduler", "SonicScheduler.csproj", "{394E280E-FEC6-499C-A877-3BD70C58C951}"
EndProject
Global
	GlobalSection(SolutionConfigurationPlatforms) = preSolution
		Debug|Any CPU = Debug|Any CPU
		Release|Any CPU = Release|Any CPU
	EndGlobalSection
	GlobalSection(ProjectConfigurationPlatforms) = postSolution
		{394E280E-FEC6-499C-A877-3BD70C58C951}.Debug|Any CPU.ActiveCfg = Debug|Any CPU
		{394E280E-FEC6-499C-A877-3BD70C58C951}.Debug|Any CPU.Build.0 = Debug|Any CPU
		{394E280E-FEC6-499C-A877-3BD70C58C951}.Release|Any CPU.ActiveCfg = Release|Any CPU
		{394E280E-FEC6-499C-A877-3BD70C58C951}.Release|Any CPU.Build.0 = Release|Any CPU
	EndGlobalSection
	GlobalSection(SolutionProperties) = preSolution
		HideSolutionNode = FALSE
	EndGlobalSection
	GlobalSection(ExtensibilityGlobals) = postSolution
		SolutionGuid = {63C7FE0B-5230-4C09-B626-566776F3F579}
	EndGlobalSection
EndGlobal
